# THIS IS AN AUTOGENERATED FILE. DO NOT EDIT THIS FILE DIRECTLY.
# yarn lockfile v1


"@types/node@^10.12.18":
  version "10.12.18"
  resolved "https://registry.yarnpkg.com/@types/node/-/node-10.12.18.tgz#1d3ca764718915584fcd9f6344621b7672665c67"
  integrity sha512-fh+pAqt4xRzPfqA6eh3Z2y6fyZavRIumvjhaCL753+TVkGKGhpPeyrJG2JftD0T9q4GF00KjefsQ+PQNDdWQaQ==

"@types/prop-types@*":
  version "15.5.8"
  resolved "https://registry.yarnpkg.com/@types/prop-types/-/prop-types-15.5.8.tgz#8ae4e0ea205fe95c3901a5a1df7f66495e3a56ce"
  integrity sha512-3AQoUxQcQtLHsK25wtTWIoIpgYjH3vSDroZOUr7PpCHw/jLY1RB9z9E8dBT/OSmwStVgkRNvdh+ZHNiomRieaw==

"@types/ramda@^0.25.47":
  version "0.25.47"
  resolved "https://registry.yarnpkg.com/@types/ramda/-/ramda-0.25.47.tgz#904f2ee46149af42902fe7dc01867e32798e8b37"
  integrity sha512-+ffSU83+PR4/cZtNTkUcFkg70sK4GePle7p5h05bQ37ycPumOx/TBpU52bt36GKDlds6tCqXheqPvgC52MMLug==

"@types/react-intl@^2.3.15":
  version "2.3.15"
  resolved "https://registry.yarnpkg.com/@types/react-intl/-/react-intl-2.3.15.tgz#4768425b6a9bd680c1076761244b2b96a337dfa7"
  integrity sha512-a2D0gSDdj9lJjEZ/tGP+lS489uaJSuBxzlW1A/1JqVnadbB+/5ZbFK3QkWaesR/ROcSsLTJxAfPorhT4jn6CUA==

"@types/react@^16.7.4":
  version "16.7.20"
  resolved "https://registry.yarnpkg.com/@types/react/-/react-16.7.20.tgz#13ae752c012710d0fa800985ca809814b51d3b58"
  integrity sha512-Qd5RWkwl6SL7R2XzLk/cicjVQm1Mhc6HqXY5Ei4pWd1Vi8Fkbd5O0sA398x8fRSTPAuHdDYD9nrWmJMYTJI0vQ==
  dependencies:
    "@types/prop-types" "*"
    csstype "^2.2.0"

"@types/zen-observable@^0.8.0":
  version "0.8.0"
  resolved "https://registry.yarnpkg.com/@types/zen-observable/-/zen-observable-0.8.0.tgz#8b63ab7f1aa5321248aad5ac890a485656dcea4d"
  integrity sha512-te5lMAWii1uEJ4FwLjzdlbw3+n0FZNOvFXHxQDKeT0dilh7HOzdMzV2TrJVUzq8ep7J4Na8OUYPRLSQkJHAlrg==

apollo-cache@1.1.25:
  version "1.1.25"
  resolved "https://registry.yarnpkg.com/apollo-cache/-/apollo-cache-1.1.25.tgz#87a15a2a19993bb07234ccee6839b59d6fb49ac5"
  integrity sha512-9HhI/tVEHAeGaJJvi1Vpf6PzXUCA0PqNbigi2G3uOc180JjxbcaBvEbKXMEDb/UyTXkFWzI4PiPDuDQFqmIMSA==
  dependencies:
    apollo-utilities "^1.1.2"
    tslib "^1.9.3"

apollo-client@^2.4.11:
  version "2.4.11"
  resolved "https://registry.yarnpkg.com/apollo-client/-/apollo-client-2.4.11.tgz#90abc4cb6cd6e00cca6745cdf6d1d6667e1b11a1"
  integrity sha512-sySR4+k9CbMVHy0Yj3jjbCq+DKsRlCcjW8UBiOzWOhkcfvMBo27TYR2xPfzFLj3YZtfzeDkx6O9GiHJ8FY+6uA==
  dependencies:
    "@types/zen-observable" "^0.8.0"
    apollo-cache "1.1.25"
    apollo-link "^1.0.0"
    apollo-link-dedup "^1.0.0"
    apollo-utilities "1.1.2"
    symbol-observable "^1.0.2"
    tslib "^1.9.3"
    zen-observable "^0.8.0"

apollo-link-dedup@^1.0.0:
  version "1.0.13"
  resolved "https://registry.yarnpkg.com/apollo-link-dedup/-/apollo-link-dedup-1.0.13.tgz#bb22957e18b6125ae8bfb46cab6bda8d33ba8046"
  integrity sha512-i4NuqT3DSFczFcC7NMUzmnYjKX7NggLY+rqYVf+kE9JjqKOQhT6wqhaWsVIABfIUGE/N0DTgYJBCMu/18aXmYA==
  dependencies:
    apollo-link "^1.2.6"

apollo-link@^1.0.0, apollo-link@^1.2.6:
  version "1.2.6"
  resolved "https://registry.yarnpkg.com/apollo-link/-/apollo-link-1.2.6.tgz#d9b5676d79c01eb4e424b95c7171697f6ad2b8da"
  integrity sha512-sUNlA20nqIF3gG3F8eyMD+mO80fmf3dPZX+GUOs3MI9oZR8ug09H3F0UsWJMcpEg6h55Yy5wZ+BMmAjrbenF/Q==
  dependencies:
    apollo-utilities "^1.0.0"
    zen-observable-ts "^0.8.13"

apollo-utilities@1.1.2, apollo-utilities@^1.0.0, apollo-utilities@^1.1.2:
  version "1.1.2"
  resolved "https://registry.yarnpkg.com/apollo-utilities/-/apollo-utilities-1.1.2.tgz#aa5eca9d1f1eb721c381a22e0dde03559d856db3"
  integrity sha512-EjDx8vToK+zkWIxc76ZQY/irRX52puNg04xf/w8R0kVTDAgHuVfnFVC01O5vE25kFnIaa5em0pFI0p9b6YMkhQ==
  dependencies:
    fast-json-stable-stringify "^2.0.0"
    tslib "^1.9.3"

asap@~2.0.3:
  version "2.0.6"
  resolved "https://registry.yarnpkg.com/asap/-/asap-2.0.6.tgz#e50347611d7e690943208bbdafebcbc2fb866d46"
  integrity sha1-5QNHYR1+aQlDIIu9r+vLwvuGbUY=

babel-standalone@^6.26.0:
  version "6.26.0"
  resolved "https://registry.yarnpkg.com/babel-standalone/-/babel-standalone-6.26.0.tgz#15fb3d35f2c456695815ebf1ed96fe7f015b6886"
  integrity sha1-Ffs9NfLEVmlYFevx7Zb+fwFbaIY=

classnames@^2.2.6:
  version "2.2.6"
  resolved "https://registry.yarnpkg.com/classnames/-/classnames-2.2.6.tgz#43935bffdd291f326dad0a205309b38d00f650ce"
  integrity sha512-JR/iSQOSt+LQIWwrwEzJ9uk0xfN3mTVYMwt1Ir5mUcSN6pU+V4zQFFaJsclJbPuAUQH+yfWef6tm7l1quW3C8Q==

core-js@^2.4.1:
  version "2.6.2"
  resolved "https://registry.yarnpkg.com/core-js/-/core-js-2.6.2.tgz#267988d7268323b349e20b4588211655f0e83944"
  integrity sha512-NdBPF/RVwPW6jr0NCILuyN9RiqLo2b1mddWHkUL+VnvcB7dzlnBJ1bXYntjpTGOgkZiiLWj2JxmOr7eGE3qK6g==

csstype@^2.2.0:
  version "2.6.1"
  resolved "https://registry.yarnpkg.com/csstype/-/csstype-2.6.1.tgz#4cfbf637a577497036ebcd7e32647ef19a0b8076"
  integrity sha512-wv7IRqCGsL7WGKB8gPvrl+++HlFM9kxAM6jL1EXNPNTshEJYilMkbfS2SnuHha77uosp/YVK0wAp2jmlBzn1tg==

encoding@^0.1.11:
  version "0.1.12"
  resolved "https://registry.yarnpkg.com/encoding/-/encoding-0.1.12.tgz#538b66f3ee62cd1ab51ec323829d1f9480c74beb"
  integrity sha1-U4tm8+5izRq1HsMjgp0flIDHS+s=
  dependencies:
    iconv-lite "~0.4.13"

fast-json-stable-stringify@^2.0.0:
  version "2.0.0"
  resolved "https://registry.yarnpkg.com/fast-json-stable-stringify/-/fast-json-stable-stringify-2.0.0.tgz#d5142c0caee6b1189f87d3a76111064f86c8bbf2"
  integrity sha1-1RQsDK7msRifh9OnYREGT4bIu/I=

fbjs-css-vars@^1.0.0:
  version "1.0.2"
  resolved "https://registry.yarnpkg.com/fbjs-css-vars/-/fbjs-css-vars-1.0.2.tgz#216551136ae02fe255932c3ec8775f18e2c078b8"
  integrity sha512-b2XGFAFdWZWg0phtAWLHCk836A1Xann+I+Dgd3Gk64MHKZO44FfoD1KxyvbSh0qZsIoXQGGlVztIY+oitJPpRQ==

fbjs@^1.0.0:
  version "1.0.0"
  resolved "https://registry.yarnpkg.com/fbjs/-/fbjs-1.0.0.tgz#52c215e0883a3c86af2a7a776ed51525ae8e0a5a"
  integrity sha512-MUgcMEJaFhCaF1QtWGnmq9ZDRAzECTCRAF7O6UZIlAlkTs1SasiX9aP0Iw7wfD2mJ7wDTNfg2w7u5fSCwJk1OA==
  dependencies:
    core-js "^2.4.1"
    fbjs-css-vars "^1.0.0"
    isomorphic-fetch "^2.1.1"
    loose-envify "^1.0.0"
    object-assign "^4.1.0"
    promise "^7.1.1"
    setimmediate "^1.0.5"
    ua-parser-js "^0.7.18"

graphql@^14.1.1:
  version "14.1.1"
  resolved "https://registry.yarnpkg.com/graphql/-/graphql-14.1.1.tgz#d5d77df4b19ef41538d7215d1e7a28834619fac0"
  integrity sha512-C5zDzLqvfPAgTtP8AUPIt9keDabrdRAqSWjj2OPRKrKxI9Fb65I36s1uCs1UUBFnSWTdO7hyHi7z1ZbwKMKF6Q==
  dependencies:
    iterall "^1.2.2"

he@^1.1.1:
  version "1.2.0"
  resolved "https://registry.yarnpkg.com/he/-/he-1.2.0.tgz#84ae65fa7eafb165fddb61566ae14baf05664f0f"
  integrity sha512-F/1DnUGPopORZi0ni+CvrCgHQ5FyEAHRLSApuYWMmrbSwoN2Mn/7k+Gl38gJnR7yyDZk6WLXwiGod1JOWNDKGw==

hoist-non-react-statics@^2.5.5:
  version "2.5.5"
  resolved "https://registry.yarnpkg.com/hoist-non-react-statics/-/hoist-non-react-statics-2.5.5.tgz#c5903cf409c0dfd908f388e619d86b9c1174cb47"
  integrity sha512-rqcy4pJo55FTTLWt+bU8ukscqHeE/e9KWvsOW2b/a3afxQZhwkQdT1rPPCJ0rYXdj4vNcasY8zHTH+jF/qStxw==

hoist-non-react-statics@^3.0.0:
  version "3.2.1"
  resolved "https://registry.yarnpkg.com/hoist-non-react-statics/-/hoist-non-react-statics-3.2.1.tgz#c09c0555c84b38a7ede6912b61efddafd6e75e1e"
  integrity sha512-TFsu3TV3YLY+zFTZDrN8L2DTFanObwmBLpWvJs1qfUuEQ5bTAdFcwfx2T/bsCXfM9QHSLvjfP+nihEl0yvozxw==
  dependencies:
    react-is "^16.3.2"

iconv-lite@~0.4.13:
  version "0.4.24"
  resolved "https://registry.yarnpkg.com/iconv-lite/-/iconv-lite-0.4.24.tgz#2022b4b25fbddc21d2f524974a474aafe733908b"
  integrity sha512-v3MXnZAcvnywkTUEZomIActle7RXXeedOR31wwl7VlyoXO4Qi9arvSenNQWne1TcRwhCL1HwLI21bEqdpj8/rA==
  dependencies:
    safer-buffer ">= 2.1.2 < 3"

intl-format-cache@^2.0.5:
  version "2.1.0"
  resolved "https://registry.yarnpkg.com/intl-format-cache/-/intl-format-cache-2.1.0.tgz#04a369fecbfad6da6005bae1f14333332dcf9316"
  integrity sha1-BKNp/sv61tpgBbrh8UMzMy3PkxY=

intl-messageformat-parser@1.4.0:
  version "1.4.0"
  resolved "https://registry.yarnpkg.com/intl-messageformat-parser/-/intl-messageformat-parser-1.4.0.tgz#b43d45a97468cadbe44331d74bb1e8dea44fc075"
  integrity sha1-tD1FqXRoytvkQzHXS7Ho3qRPwHU=

intl-messageformat@^2.0.0, intl-messageformat@^2.1.0:
  version "2.2.0"
  resolved "https://registry.yarnpkg.com/intl-messageformat/-/intl-messageformat-2.2.0.tgz#345bcd46de630b7683330c2e52177ff5eab484fc"
  integrity sha1-NFvNRt5jC3aDMwwuUhd/9eq0hPw=
  dependencies:
    intl-messageformat-parser "1.4.0"

intl-relativeformat@^2.1.0:
  version "2.1.0"
  resolved "https://registry.yarnpkg.com/intl-relativeformat/-/intl-relativeformat-2.1.0.tgz#010f1105802251f40ac47d0e3e1a201348a255df"
  integrity sha1-AQ8RBYAiUfQKxH0OPhogE0iiVd8=
  dependencies:
    intl-messageformat "^2.0.0"

invariant@^2.1.1, invariant@^2.2.2:
  version "2.2.4"
  resolved "https://registry.yarnpkg.com/invariant/-/invariant-2.2.4.tgz#610f3c92c9359ce1db616e538008d23ff35158e6"
  integrity sha512-phJfQVBuaJM5raOpJjSfkiD6BpbCE4Ns//LaXl6wGYtUBY83nWS6Rf9tXm2e8VaK60JEjYldbPif/A2B1C2gNA==
  dependencies:
    loose-envify "^1.0.0"

is-stream@^1.0.1:
  version "1.1.0"
  resolved "https://registry.yarnpkg.com/is-stream/-/is-stream-1.1.0.tgz#12d4a3dd4e68e0b79ceb8dbc84173ae80d91ca44"
  integrity sha1-EtSj3U5o4Lec6428hBc66A2RykQ=

isomorphic-fetch@^2.1.1:
  version "2.2.1"
  resolved "https://registry.yarnpkg.com/isomorphic-fetch/-/isomorphic-fetch-2.2.1.tgz#611ae1acf14f5e81f729507472819fe9733558a9"
  integrity sha1-YRrhrPFPXoH3KVB0coGf6XM1WKk=
  dependencies:
    node-fetch "^1.0.1"
    whatwg-fetch ">=0.10.0"

iterall@^1.2.2:
  version "1.2.2"
  resolved "https://registry.yarnpkg.com/iterall/-/iterall-1.2.2.tgz#92d70deb8028e0c39ff3164fdbf4d8b088130cd7"
  integrity sha512-yynBb1g+RFUPY64fTrFv7nsjRrENBQJaX2UL+2Szc9REFrSNm1rpSXHGzhmAy7a9uv3vlvgBlXnf9RqmPH1/DA==

js-cookie@^2.2.0:
  version "2.2.0"
  resolved "https://registry.yarnpkg.com/js-cookie/-/js-cookie-2.2.0.tgz#1b2c279a6eece380a12168b92485265b35b1effb"
  integrity sha1-Gywnmm7s44ChIWi5JIUmWzWx7/s=

"js-tokens@^3.0.0 || ^4.0.0":
  version "4.0.0"
  resolved "https://registry.yarnpkg.com/js-tokens/-/js-tokens-4.0.0.tgz#19203fb59991df98e3a287050d4647cdeaf32499"
  integrity sha512-RdJUflcE3cUzKiMqQgsCu06FPu9UdIJO0beYbPhHN4k6apgJtifcoCtT9bcxOpYBtpD2kCM6Sbzg4CausW/PKQ==

lodash.flowright@^3.5.0:
  version "3.5.0"
  resolved "https://registry.yarnpkg.com/lodash.flowright/-/lodash.flowright-3.5.0.tgz#2b5fff399716d7e7dc5724fe9349f67065184d67"
  integrity sha1-K1//OZcW1+fcVyT+k0n2cGUYTWc=

lodash.isequal@^4.5.0:
  version "4.5.0"
  resolved "https://registry.yarnpkg.com/lodash.isequal/-/lodash.isequal-4.5.0.tgz#415c4478f2bcc30120c22ce10ed3226f7d3e18e0"
  integrity sha1-QVxEePK8wwEgwizhDtMib30+GOA=

loose-envify@^1.0.0, loose-envify@^1.1.0, loose-envify@^1.3.1:
  version "1.4.0"
  resolved "https://registry.yarnpkg.com/loose-envify/-/loose-envify-1.4.0.tgz#71ee51fa7be4caec1a63839f7e682d8132d30caf"
  integrity sha512-lyuxPGr/Wfhrlem2CL/UcnUc1zcqKAImBDzukY7Y5F/yQiNdko6+fRLevlw1HgMySw7f611UIY408EtxRSoK3Q==
  dependencies:
    js-tokens "^3.0.0 || ^4.0.0"

marked@^0.3.12:
  version "0.3.19"
  resolved "https://registry.yarnpkg.com/marked/-/marked-0.3.19.tgz#5d47f709c4c9fc3c216b6d46127280f40b39d790"
  integrity sha512-ea2eGWOqNxPcXv8dyERdSr/6FmzvWwzjMxpfGB/sbMccXoct+xY+YukPD+QTUZwyvK7BZwcr4m21WBOW41pAkg==

marksy@^6.0.3:
  version "6.1.0"
  resolved "https://registry.yarnpkg.com/marksy/-/marksy-6.1.0.tgz#36482148a1115cc78570855f7ebd744bb453d5cc"
  integrity sha512-xVAuJQxwdAljvFVqlY7CIRewn5YHGvCqeJkY1bbcTBfZV4dNDSZpHWTREb1MNu/oXYzKgg5pmTfE1DIW6M1zrA==
  dependencies:
    babel-standalone "^6.26.0"
    he "^1.1.1"
    marked "^0.3.12"

memoize-one@^4.0.0:
  version "4.1.0"
  resolved "https://registry.yarnpkg.com/memoize-one/-/memoize-one-4.1.0.tgz#a2387c58c03fff27ca390c31b764a79addf3f906"
  integrity sha512-2GApq0yI/b22J2j9rhbrAlsHb0Qcz+7yWxeLG8h+95sl1XPUgeLimQSOdur4Vw7cUhrBHwaUZxWFZueojqNRzA==

node-fetch@^1.0.1:
  version "1.7.3"
  resolved "https://registry.yarnpkg.com/node-fetch/-/node-fetch-1.7.3.tgz#980f6f72d85211a5347c6b2bc18c5b84c3eb47ef"
  integrity sha512-NhZ4CsKx7cYm2vSrBAr2PvFOe6sWDf0UYLRqA6svUYg7+/TSfVAu49jYC4BvQ4Sms9SZgdqGBgroqfDhJdTyKQ==
  dependencies:
    encoding "^0.1.11"
    is-stream "^1.0.1"

object-assign@^4.1.0, object-assign@^4.1.1:
  version "4.1.1"
  resolved "https://registry.yarnpkg.com/object-assign/-/object-assign-4.1.1.tgz#2109adc7965887cfc05cbbd442cac8bfbb360863"
  integrity sha1-IQmtx5ZYh8/AXLvUQsrIv7s2CGM=

promise@^7.1.1:
  version "7.3.1"
  resolved "https://registry.yarnpkg.com/promise/-/promise-7.3.1.tgz#064b72602b18f90f29192b8b1bc418ffd1ebd3bf"
  integrity sha512-nolQXZ/4L+bP/UGlkfaIujX9BKxGwmQ9OT4mOt5yvy8iK1h3wqTEJCijzGANTCCl9nWjY41juyAn2K3Q1hLLTg==
  dependencies:
    asap "~2.0.3"

prop-types@^15.5.10, prop-types@^15.6.0, prop-types@^15.6.2:
  version "15.6.2"
  resolved "https://registry.yarnpkg.com/prop-types/-/prop-types-15.6.2.tgz#05d5ca77b4453e985d60fc7ff8c859094a497102"
  integrity sha512-3pboPvLiWD7dkI3qf3KbUe6hKFKa52w+AE0VCqECtf+QHAKgOL37tTaNCnuX1nAAQ4ZhyP+kYVKf8rLmJ/feDQ==
  dependencies:
    loose-envify "^1.3.1"
    object-assign "^4.1.1"

ramda@^0.26.1:
  version "0.26.1"
  resolved "https://registry.yarnpkg.com/ramda/-/ramda-0.26.1.tgz#8d41351eb8111c55353617fc3bbffad8e4d35d06"
  integrity sha512-hLWjpy7EnsDBb0p+Z3B7rPi3GDeRG5ZtiI33kJhTt+ORCd38AbAIjB/9zRIUoeTbE/AVX5ZkU7m6bznsvrf8eQ==

react-apollo@^2.3.3:
  version "2.3.3"
  resolved "https://registry.yarnpkg.com/react-apollo/-/react-apollo-2.3.3.tgz#a4609f3112d4351a1e363090d8cd363b04e2cc91"
  integrity sha512-y4CwwmJjp0De/An7vrvEWOJ27lxmS/SXT8z22I8aOEBC2wzdcavDPjKzeLYJKs+hv1MGS3h84PSwFtlU4Em/bA==
  dependencies:
    fbjs "^1.0.0"
    hoist-non-react-statics "^3.0.0"
    invariant "^2.2.2"
    lodash.flowright "^3.5.0"
    lodash.isequal "^4.5.0"
    prop-types "^15.6.0"

react-device-detect@^1.3.4:
  version "1.6.2"
  resolved "https://registry.yarnpkg.com/react-device-detect/-/react-device-detect-1.6.2.tgz#2587e4d1dc15bdfce7a1bf5417624ecd2a2fc31f"
  integrity sha512-XIBgwIfpGAknm7tXe/YNbx4ieIR7IyFI3KNfSQk4UjHVy97UHe/nB7iJj8R/dDsI+I/ZzPR4HJ39Gh5tI4nhxw==

react-dom@^16.7.0:
  version "16.7.0"
  resolved "https://registry.yarnpkg.com/react-dom/-/react-dom-16.7.0.tgz#a17b2a7ca89ee7390bc1ed5eb81783c7461748b8"
  integrity sha512-D0Ufv1ExCAmF38P2Uh1lwpminZFRXEINJe53zRAbm4KPwSyd6DY/uDoS0Blj9jvPpn1+wivKpZYc8aAAN/nAkg==
  dependencies:
    loose-envify "^1.1.0"
    object-assign "^4.1.1"
    prop-types "^15.6.2"
    scheduler "^0.12.0"

react-intl@^2.8.0:
  version "2.8.0"
  resolved "https://registry.yarnpkg.com/react-intl/-/react-intl-2.8.0.tgz#20b0c1f01d1292427768aa8ec9e51ab7e36503ba"
  integrity sha512-1cSasNkHxZOXYYhms9Q1tSEWF8AWZQNq3nPLB/j8mYV0ZTSt2DhGQXHfKrKQMu4cgj9J1Crqg7xFPICTBgzqtQ==
  dependencies:
    hoist-non-react-statics "^2.5.5"
    intl-format-cache "^2.0.5"
    intl-messageformat "^2.1.0"
    intl-relativeformat "^2.1.0"
    invariant "^2.1.1"

react-is@^16.3.2:
  version "16.7.0"
  resolved "https://registry.yarnpkg.com/react-is/-/react-is-16.7.0.tgz#c1bd21c64f1f1364c6f70695ec02d69392f41bfa"
  integrity sha512-Z0VRQdF4NPDoI0tsXVMLkJLiwEBa+RP66g0xDHxgxysxSoCUccSten4RTF/UFvZF1dZvZ9Zu1sx+MDXwcOR34g==

react@^16.7.0:
  version "16.7.0"
  resolved "https://registry.yarnpkg.com/react/-/react-16.7.0.tgz#b674ec396b0a5715873b350446f7ea0802ab6381"
  integrity sha512-StCz3QY8lxTb5cl2HJxjwLFOXPIFQp+p+hxQfc8WE0QiLfCtIlKj8/+5tjjKm8uSTlAW+fCPaavGFS06V9Ar3A==
  dependencies:
    loose-envify "^1.1.0"
    object-assign "^4.1.1"
    prop-types "^15.6.2"
    scheduler "^0.12.0"

"safer-buffer@>= 2.1.2 < 3":
  version "2.1.2"
  resolved "https://registry.yarnpkg.com/safer-buffer/-/safer-buffer-2.1.2.tgz#44fa161b0187b9549dd84bb91802f9bd8385cd6a"
  integrity sha512-YZo3K82SD7Riyi0E1EQPojLz7kpepnSQI9IyPbHHg1XXXevb5dJI7tpyN2ADxGcQbHG7vcyRHk0cbwqcQriUtg==

scheduler@^0.12.0:
  version "0.12.0"
  resolved "https://registry.yarnpkg.com/scheduler/-/scheduler-0.12.0.tgz#8ab17699939c0aedc5a196a657743c496538647b"
  integrity sha512-t7MBR28Akcp4Jm+QoR63XgAi9YgCUmgvDHqf5otgAj4QvdoBE4ImCX0ffehefePPG+aitiYHp0g/mW6s4Tp+dw==
  dependencies:
    loose-envify "^1.1.0"
    object-assign "^4.1.1"

setimmediate@^1.0.5:
  version "1.0.5"
  resolved "https://registry.yarnpkg.com/setimmediate/-/setimmediate-1.0.5.tgz#290cbb232e306942d7d7ea9b83732ab7856f8285"
  integrity sha1-KQy7Iy4waULX1+qbg3Mqt4VvgoU=

symbol-observable@^1.0.2:
  version "1.2.0"
  resolved "https://registry.yarnpkg.com/symbol-observable/-/symbol-observable-1.2.0.tgz#c22688aed4eab3cdc2dfeacbb561660560a00804"
  integrity sha512-e900nM8RRtGhlV36KGEU9k65K3mPb1WV70OdjfxlG2EAuM1noi/E/BaW/uMhL7bPEssK8QV57vN3esixjUvcXQ==

tslib@^1.9.3:
  version "1.9.3"
  resolved "https://registry.yarnpkg.com/tslib/-/tslib-1.9.3.tgz#d7e4dd79245d85428c4d7e4822a79917954ca286"
  integrity sha512-4krF8scpejhaOgqzBEcGM7yDIEfi0/8+8zDRZhNZZ2kjmHJ4hv3zCbQWxoJGz1iw5U0Jl0nma13xzHXcncMavQ==

ua-parser-js@^0.7.18:
  version "0.7.19"
  resolved "https://registry.yarnpkg.com/ua-parser-js/-/ua-parser-js-0.7.19.tgz#94151be4c0a7fb1d001af7022fdaca4642659e4b"
  integrity sha512-T3PVJ6uz8i0HzPxOF9SWzWAlfN/DavlpQqepn22xgve/5QecC+XMCAtmUNnY7C9StehaV6exjUCI801lOI7QlQ==

whatwg-fetch@>=0.10.0:
  version "3.0.0"
  resolved "https://registry.yarnpkg.com/whatwg-fetch/-/whatwg-fetch-3.0.0.tgz#fc804e458cc460009b1a2b966bc8817d2578aefb"
  integrity sha512-9GSJUgz1D4MfyKU7KRqwOjXCXTqWdFNvEr7eUBYchQiVc744mqK/MzXPNR2WsPkmkOa4ywfg8C2n8h+13Bey1Q==

zen-observable-ts@^0.8.13:
  version "0.8.13"
  resolved "https://registry.yarnpkg.com/zen-observable-ts/-/zen-observable-ts-0.8.13.tgz#ae1fd77c84ef95510188b1f8bca579d7a5448fc2"
  integrity sha512-WDb8SM0tHCb6c0l1k60qXWlm1ok3zN9U4VkLdnBKQwIYwUoB9psH7LIFgR+JVCCMmBxUgOjskIid8/N02k/2Bg==
  dependencies:
    zen-observable "^0.8.0"

zen-observable@^0.8.0:
  version "0.8.11"
  resolved "https://registry.yarnpkg.com/zen-observable/-/zen-observable-0.8.11.tgz#d3415885eeeb42ee5abb9821c95bb518fcd6d199"
  integrity sha512-N3xXQVr4L61rZvGMpWe8XoCGX8vhU35dPyQ4fm5CY/KDlG0F75un14hjbckPXTDuKUY6V0dqR2giT6xN8Y4GEQ==
